{
  "requires": true,
  "lockfileVersion": 1,
  "dependencies": {
    "d3-array": {
      "version": "1.2.4",
      "resolved": "https://registry.npmjs.org/d3-array/-/d3-array-1.2.4.tgz",
      "integrity": "sha512-KHW6M86R+FUPYGb3R5XiYjXPq7VzwxZ22buHhAEVG5ztoEcZZMLov530mmccaqA1GghZArjQV46fuc8kUqhhHw=="
    },
    "d3-collection": {
      "version": "1.0.7",
      "resolved": "https://registry.npmjs.org/d3-collection/-/d3-collection-1.0.7.tgz",
      "integrity": "sha512-ii0/r5f4sjKNTfh84Di+DpztYwqKhEyUlKoPrzUFfeSkWxjW49xU2QzO9qrPrNkpdI0XJkfzvmTu8V2Zylln6A=="
    },
    "d3-color": {
      "version": "1.4.1",
      "resolved": "https://registry.npmjs.org/d3-color/-/d3-color-1.4.1.tgz",
      "integrity": "sha512-p2sTHSLCJI2QKunbGb7ocOh7DgTAn8IrLx21QRc/BSnodXM4sv6aLQlnfpvehFMLZEfBc6g9pH9SWQccFYfJ9Q=="
    },
    "d3-format": {
      "version": "1.4.5",
      "resolved": "https://registry.npmjs.org/d3-format/-/d3-format-1.4.5.tgz",
      "integrity": "sha512-J0piedu6Z8iB6TbIGfZgDzfXxUFN3qQRMofy2oPdXzQibYGqPB/9iMcxr/TGalU+2RsyDO+U4f33id8tbnSRMQ=="
    },
    "d3-interpolate": {
      "version": "1.4.0",
      "resolved": "https://registry.npmjs.org/d3-interpolate/-/d3-interpolate-1.4.0.tgz",
      "integrity": "sha512-V9znK0zc3jOPV4VD2zZn0sDhZU3WAE2bmlxdIwwQPPzPjvyLkd8B3JUVdS1IDUFDkWZ72c9qnv1GK2ZagTZ8EA==",
      "requires": {
        "d3-color": "1"
      }
    },
    "d3-interpolate-path": {
      "version": "2.0.0",
      "resolved": "https://registry.npmjs.org/d3-interpolate-path/-/d3-interpolate-path-2.0.0.tgz",
      "integrity": "sha1-ywMnMU/tsU5uoXiat+CVoWwvirI=",
      "requires": {
        "d3-interpolate": "^1.1.1"
      }
    },
    "d3-path": {
      "version": "1.0.9",
      "resolved": "https://registry.npmjs.org/d3-path/-/d3-path-1.0.9.tgz",
      "integrity": "sha512-VLaYcn81dtHVTjEHd8B+pbe9yHWpXKZUC87PzoFmsFrJqgFwDe/qxfp5MlfsfM1V5E/iVt0MmEbWQ7FVIXh/bg=="
    },
    "d3-scale": {
      "version": "1.0.7",
      "resolved": "https://registry.npmjs.org/d3-scale/-/d3-scale-1.0.7.tgz",
      "integrity": "sha512-KvU92czp2/qse5tUfGms6Kjig0AhHOwkzXG0+PqIJB3ke0WUv088AHMZI0OssO9NCkXt4RP8yju9rpH8aGB7Lw==",
      "requires": {
        "d3-array": "^1.2.0",
        "d3-collection": "1",
        "d3-color": "1",
        "d3-format": "1",
        "d3-interpolate": "1",
        "d3-time": "1",
        "d3-time-format": "2"
      }
    },
    "d3-shape": {
      "version": "1.3.7",
      "resolved": "https://registry.npmjs.org/d3-shape/-/d3-shape-1.3.7.tgz",
      "integrity": "sha512-EUkvKjqPFUAZyOlhY5gzCxCeI0Aep04LwIRpsZ/mLFelJiUfnK56jo5JMDSE7yyP2kLSb6LtF+S5chMk7uqPqw==",
      "requires": {
        "d3-path": "1"
      }
    },
    "d3-time": {
      "version": "1.1.0",
      "resolved": "https://registry.npmjs.org/d3-time/-/d3-time-1.1.0.tgz",
      "integrity": "sha512-Xh0isrZ5rPYYdqhAVk8VLnMEidhz5aP7htAADH6MfzgmmicPkTo8LhkLxci61/lCB7n7UmE3bN0leRt+qvkLxA=="
    },
    "d3-time-format": {
      "version": "2.3.0",
      "resolved": "https://registry.npmjs.org/d3-time-format/-/d3-time-format-2.3.0.tgz",
      "integrity": "sha512-guv6b2H37s2Uq/GefleCDtbe0XZAuy7Wa49VGkPVPMfLL9qObgBST3lEHJBMUp8S7NdLQAGIvr2KXk8Hc98iKQ==",
      "requires": {
        "d3-time": "1"
      }
    },
    "js-tokens": {
      "version": "4.0.0",
      "resolved": "https://registry.npmjs.org/js-tokens/-/js-tokens-4.0.0.tgz",
      "integrity": "sha512-RdJUflcE3cUzKiMqQgsCu06FPu9UdIJO0beYbPhHN4k6apgJtifcoCtT9bcxOpYBtpD2kCM6Sbzg4CausW/PKQ=="
    },
    "loose-envify": {
      "version": "1.4.0",
      "resolved": "https://registry.npmjs.org/loose-envify/-/loose-envify-1.4.0.tgz",
      "integrity": "sha512-lyuxPGr/Wfhrlem2CL/UcnUc1zcqKAImBDzukY7Y5F/yQiNdko6+fRLevlw1HgMySw7f611UIY408EtxRSoK3Q==",
      "requires": {
        "js-tokens": "^3.0.0 || ^4.0.0"
      }
    },
    "object-assign": {
      "version": "4.1.1",
      "resolved": "https://registry.npmjs.org/object-assign/-/object-assign-4.1.1.tgz",
      "integrity": "sha1-IQmtx5ZYh8/AXLvUQsrIv7s2CGM="
    },
    "prop-types": {
      "version": "15.7.2",
      "resolved": "https://registry.npmjs.org/prop-types/-/prop-types-15.7.2.tgz",
      "integrity": "sha512-8QQikdH7//R2vurIJSutZ1smHYTcLpRWEOlHnzcWHmBYrOGUysKwSsrC89BCiFj3CbrfJ/nXFdJepOVrY1GCHQ==",
      "requires": {
        "loose-envify": "^1.4.0",
        "object-assign": "^4.1.1",
        "react-is": "^16.8.1"
      }
    },
    "react-is": {
      "version": "16.13.1",
      "resolved": "https://registry.npmjs.org/react-is/-/react-is-16.13.1.tgz",
      "integrity": "sha512-24e6ynE2H+OKt4kqsOvNd8kBpV65zoxbA4BVsEOB3ARVWQki/DHzaUoC5KuON/BiccDaCCTZBuOcfZs70kR8bQ=="
    },
    "react-native-svg-charts": {
      "version": "5.4.0",
      "resolved": "https://registry.npmjs.org/react-native-svg-charts/-/react-native-svg-charts-5.4.0.tgz",
      "integrity": "sha512-5TaIGSihJaHCGFj32Tc07hZrqqTpvdyAx89PIrW2nLf2tijd61+3UE3jtsiHOvfeAyDgSTWjv6s9qG9d2di7Pw==",
      "requires": {
        "d3-array": "^1.2.0",
        "d3-interpolate-path": "2.0.0",
        "d3-scale": "^1.0.6",
        "d3-shape": "^1.0.6",
        "prop-types": "^15.6.0"
      }
    }
  }
}
